{
  "name": "eriascode-worker",
  "version": "1.0.0",
  "lockfileVersion": 2,
  "requires": true,
  "packages": {
    "": {
      "name": "eriascode-worker",
      "version": "1.0.0",
      "license": "MIT",
      "dependencies": {
        "cloudworker-router": "^2.0.5",
        "hono": "^1.2.1",
        "itty-router": "^2.6.1"
      },
      "devDependencies": {
        "prettier": "^1.18.2"
      }
    },
    "node_modules/cloudworker-router": {
      "version": "2.0.5",
      "resolved": "https://registry.npmjs.org/cloudworker-router/-/cloudworker-router-2.0.5.tgz",
      "integrity": "sha512-88P/lTpeqQilkpTQePLC8HbwtfCnr+d7iacqq1mTxvr6v33gsLSOpu9RoWlQyzTx/UIfkG2UVbeqG24i0nK1pA==",
      "dependencies": {
        "path-to-regexp": "^6.2.0"
      }
    },
    "node_modules/hono": {
      "version": "1.2.1",
      "resolved": "https://registry.npmjs.org/hono/-/hono-1.2.1.tgz",
      "integrity": "sha512-gQaoU6nLGSLutU3M1XZNTbY9Nt8+pd21bGMUWjBIjQwZY6f7sbk6CEdOxhMzQyyN3SDxJsdeU3quSAtoFA2sLQ==",
      "engines": {
        "node": ">=11.0.0"
      }
    },
    "node_modules/itty-router": {
      "version": "2.6.1",
      "resolved": "https://registry.npmjs.org/itty-router/-/itty-router-2.6.1.tgz",
      "integrity": "sha512-l9gxWe5TOLUESYnBn85Jxd6tIZLWdRX5YKkHIBfSgbNQ7UFPNUGuWihRV+LlEbfJJIzgLmhwAbaWRi5yWJm8kg=="
    },
    "node_modules/path-to-regexp": {
      "version": "6.2.1",
      "resolved": "https://registry.npmjs.org/path-to-regexp/-/path-to-regexp-6.2.1.tgz",
      "integrity": "sha512-JLyh7xT1kizaEvcaXOQwOc2/Yhw6KZOvPf1S8401UyLk86CU79LN3vl7ztXGm/pZ+YjoyAJ4rxmHwbkBXJX+yw=="
    },
    "node_modules/prettier": {
      "version": "1.19.1",
      "resolved": "https://registry.npmjs.org/prettier/-/prettier-1.19.1.tgz",
      "integrity": "sha512-s7PoyDv/II1ObgQunCbB9PdLmUcBZcnWOcxDh7O0N/UwDEsHyqkW+Qh28jW+mVuCdx7gLB0BotYI1Y6uI9iyew==",
      "dev": true,
      "bin": {
        "prettier": "bin-prettier.js"
      },
      "engines": {
        "node": ">=4"
      }
    }
  },
  "dependencies": {
    "cloudworker-router": {
      "version": "2.0.5",
      "resolved": "https://registry.npmjs.org/cloudworker-router/-/cloudworker-router-2.0.5.tgz",
      "integrity": "sha512-88P/lTpeqQilkpTQePLC8HbwtfCnr+d7iacqq1mTxvr6v33gsLSOpu9RoWlQyzTx/UIfkG2UVbeqG24i0nK1pA==",
      "requires": {
        "path-to-regexp": "^6.2.0"
      }
    },
    "hono": {
      "version": "1.2.1",
      "resolved": "https://registry.npmjs.org/hono/-/hono-1.2.1.tgz",
      "integrity": "sha512-gQaoU6nLGSLutU3M1XZNTbY9Nt8+pd21bGMUWjBIjQwZY6f7sbk6CEdOxhMzQyyN3SDxJsdeU3quSAtoFA2sLQ=="
    },
    "itty-router": {
      "version": "2.6.1",
      "resolved": "https://registry.npmjs.org/itty-router/-/itty-router-2.6.1.tgz",
      "integrity": "sha512-l9gxWe5TOLUESYnBn85Jxd6tIZLWdRX5YKkHIBfSgbNQ7UFPNUGuWihRV+LlEbfJJIzgLmhwAbaWRi5yWJm8kg=="
    },
    "path-to-regexp": {
      "version": "6.2.1",
      "resolved": "https://registry.npmjs.org/path-to-regexp/-/path-to-regexp-6.2.1.tgz",
      "integrity": "sha512-JLyh7xT1kizaEvcaXOQwOc2/Yhw6KZOvPf1S8401UyLk86CU79LN3vl7ztXGm/pZ+YjoyAJ4rxmHwbkBXJX+yw=="
    },
    "prettier": {
      "version": "1.19.1",
      "resolved": "https://registry.npmjs.org/prettier/-/prettier-1.19.1.tgz",
      "integrity": "sha512-s7PoyDv/II1ObgQunCbB9PdLmUcBZcnWOcxDh7O0N/UwDEsHyqkW+Qh28jW+mVuCdx7gLB0BotYI1Y6uI9iyew==",
      "dev": true
    }
  }
}
